
Microsoft Visual Studio Solution File, Format Version 12.00
# Visual Studio Version 17
VisualStudioVersion = 17.2.32516.85
MinimumVisualStudioVersion = 10.0.40219.1
Project("{FAE04EC0-301F-11D3-BF4B-00C04F79EFBC}") = "BaseValidationBehavior", "BaseValidationBehavior\BaseValidationBehavior.csproj", "{A2CD88FF-BED6-4090-8B8D-4675FB54753E}"
EndProject
Global
	GlobalSection(SolutionConfigurationPlatforms) = preSolution
		Debug|Any CPU = Debug|Any CPU
		Release|Any CPU = Release|Any CPU
	EndGlobalSection
	GlobalSection(ProjectConfigurationPlatforms) = postSolution
		{A2CD88FF-BED6-4090-8B8D-4675FB54753E}.Debug|Any CPU.ActiveCfg = Debug|Any CPU
		{A2CD88FF-BED6-4090-8B8D-4675FB54753E}.Debug|Any CPU.Build.0 = Debug|Any CPU
		{A2CD88FF-BED6-4090-8B8D-4675FB54753E}.Release|Any CPU.ActiveCfg = Release|Any CPU
		{A2CD88FF-BED6-4090-8B8D-4675FB54753E}.Release|Any CPU.Build.0 = Release|Any CPU
	EndGlobalSection
	GlobalSection(SolutionProperties) = preSolution
		HideSolutionNode = FALSE
	EndGlobalSection
	GlobalSection(ExtensibilityGlobals) = postSolution
		SolutionGuid = {50F5C9D2-D7E7-4380-BB19-6BF6E191F1FC}
	EndGlobalSection
EndGlobal
